
Microsoft Visual Studio Solution File, Format Version 12.00
# Visual Studio Version 17
VisualStudioVersion = 17.4.33103.184
MinimumVisualStudioVersion = 10.0.40219.1
Project("{FAE04EC0-301F-11D3-BF4B-00C04F79EFBC}") = "ODataIssue", "ODataIssue\ODataIssue.csproj", "{008FB311-8A90-4EF4-8EB5-1420BFFA7FE8}"
EndProject
Project("{FAE04EC0-301F-11D3-BF4B-00C04F79EFBC}") = "ODataIssue.Client", "ODataIssue.Client\ODataIssue.Client.csproj", "{667860D8-80D9-47C9-A26E-042FFE3259BE}"
EndProject
Global
	GlobalSection(SolutionConfigurationPlatforms) = preSolution
		Debug|Any CPU = Debug|Any CPU
		Release|Any CPU = Release|Any CPU
	EndGlobalSection
	GlobalSection(ProjectConfigurationPlatforms) = postSolution
		{008FB311-8A90-4EF4-8EB5-1420BFFA7FE8}.Debug|Any CPU.ActiveCfg = Debug|Any CPU
		{008FB311-8A90-4EF4-8EB5-1420BFFA7FE8}.Debug|Any CPU.Build.0 = Debug|Any CPU
		{008FB311-8A90-4EF4-8EB5-1420BFFA7FE8}.Release|Any CPU.ActiveCfg = Release|Any CPU
		{008FB311-8A90-4EF4-8EB5-1420BFFA7FE8}.Release|Any CPU.Build.0 = Release|Any CPU
		{667860D8-80D9-47C9-A26E-042FFE3259BE}.Debug|Any CPU.ActiveCfg = Debug|Any CPU
		{667860D8-80D9-47C9-A26E-042FFE3259BE}.Debug|Any CPU.Build.0 = Debug|Any CPU
		{667860D8-80D9-47C9-A26E-042FFE3259BE}.Release|Any CPU.ActiveCfg = Release|Any CPU
		{667860D8-80D9-47C9-A26E-042FFE3259BE}.Release|Any CPU.Build.0 = Release|Any CPU
	EndGlobalSection
	GlobalSection(SolutionProperties) = preSolution
		HideSolutionNode = FALSE
	EndGlobalSection
	GlobalSection(ExtensibilityGlobals) = postSolution
		SolutionGuid = {C6263CB5-1104-4088-8812-63745F64B6E9}
	EndGlobalSection
EndGlobal
